
Microsoft Visual Studio Solution File, Format Version 12.00
# Visual Studio Version 17
VisualStudioVersion = 17.0.31903.59
MinimumVisualStudioVersion = 10.0.40219.1
Project("{2150E333-8FDC-42A3-9474-1A3956D46DE8}") = "src", "src", "{827E0CD3-B72D-47B6-A68D-7590B98EB39B}"
EndProject
Project("{FAE04EC0-301F-11D3-BF4B-00C04F79EFBC}") = "SmolPass.Domain", "src\SmolPass.Domain\SmolPass.Domain.csproj", "{BFEA6694-384F-48FF-95D1-062A179C5C85}"
EndProject
Project("{FAE04EC0-301F-11D3-BF4B-00C04F79EFBC}") = "SmolPass.Application", "src\SmolPass.Application\SmolPass.Application.csproj", "{96C3074F-4F28-4913-8005-41EB6600B60A}"
EndProject
Project("{FAE04EC0-301F-11D3-BF4B-00C04F79EFBC}") = "SmolPass.Infrastructure", "src\SmolPass.Infrastructure\SmolPass.Infrastructure.csproj", "{8CF0A561-00A6-409B-ABA4-F12CD90D3D67}"
EndProject
Project("{FAE04EC0-301F-11D3-BF4B-00C04F79EFBC}") = "SmolPass.Api", "src\SmolPass.Api\SmolPass.Api.csproj", "{420BABD2-5288-49E2-8582-FF7E7A51023C}"
EndProject
Project("{FAE04EC0-301F-11D3-BF4B-00C04F79EFBC}") = "SmolPass.Contracts", "src\SmolPass.Contracts\SmolPass.Contracts.csproj", "{C2E4678B-D169-4404-99E3-A19EA576A556}"
EndProject
Project("{FAE04EC0-301F-11D3-BF4B-00C04F79EFBC}") = "SmolPass.Cli", "src\SmolPass.Cli\SmolPass.Cli.csproj", "{29D44FE3-5FA7-42D2-BFF1-56C8C9E71E8E}"
EndProject
Project("{2150E333-8FDC-42A3-9474-1A3956D46DE8}") = "tests", "tests", "{0AB3BF05-4346-4AA6-1389-037BE0695223}"
EndProject
Project("{FAE04EC0-301F-11D3-BF4B-00C04F79EFBC}") = "SmolPass.Application.Tests", "tests\SmolPass.Application.Tests\SmolPass.Application.Tests.csproj", "{0B75B888-A76B-45E1-BB0B-F33E9D02CCF0}"
EndProject
Global
	GlobalSection(SolutionConfigurationPlatforms) = preSolution
		Debug|Any CPU = Debug|Any CPU
		Debug|x64 = Debug|x64
		Debug|x86 = Debug|x86
		Release|Any CPU = Release|Any CPU
		Release|x64 = Release|x64
		Release|x86 = Release|x86
	EndGlobalSection
	GlobalSection(ProjectConfigurationPlatforms) = postSolution
		{BFEA6694-384F-48FF-95D1-062A179C5C85}.Debug|Any CPU.ActiveCfg = Debug|Any CPU
		{BFEA6694-384F-48FF-95D1-062A179C5C85}.Debug|Any CPU.Build.0 = Debug|Any CPU
		{BFEA6694-384F-48FF-95D1-062A179C5C85}.Debug|x64.ActiveCfg = Debug|Any CPU
		{BFEA6694-384F-48FF-95D1-062A179C5C85}.Debug|x64.Build.0 = Debug|Any CPU
		{BFEA6694-384F-48FF-95D1-062A179C5C85}.Debug|x86.ActiveCfg = Debug|Any CPU
		{BFEA6694-384F-48FF-95D1-062A179C5C85}.Debug|x86.Build.0 = Debug|Any CPU
		{BFEA6694-384F-48FF-95D1-062A179C5C85}.Release|Any CPU.ActiveCfg = Release|Any CPU
		{BFEA6694-384F-48FF-95D1-062A179C5C85}.Release|Any CPU.Build.0 = Release|Any CPU
		{BFEA6694-384F-48FF-95D1-062A179C5C85}.Release|x64.ActiveCfg = Release|Any CPU
		{BFEA6694-384F-48FF-95D1-062A179C5C85}.Release|x64.Build.0 = Release|Any CPU
		{BFEA6694-384F-48FF-95D1-062A179C5C85}.Release|x86.ActiveCfg = Release|Any CPU
		{BFEA6694-384F-48FF-95D1-062A179C5C85}.Release|x86.Build.0 = Release|Any CPU
		{96C3074F-4F28-4913-8005-41EB6600B60A}.Debug|Any CPU.ActiveCfg = Debug|Any CPU
		{96C3074F-4F28-4913-8005-41EB6600B60A}.Debug|Any CPU.Build.0 = Debug|Any CPU
		{96C3074F-4F28-4913-8005-41EB6600B60A}.Debug|x64.ActiveCfg = Debug|Any CPU
		{96C3074F-4F28-4913-8005-41EB6600B60A}.Debug|x64.Build.0 = Debug|Any CPU
		{96C3074F-4F28-4913-8005-41EB6600B60A}.Debug|x86.ActiveCfg = Debug|Any CPU
		{96C3074F-4F28-4913-8005-41EB6600B60A}.Debug|x86.Build.0 = Debug|Any CPU
		{96C3074F-4F28-4913-8005-41EB6600B60A}.Release|Any CPU.ActiveCfg = Release|Any CPU
		{96C3074F-4F28-4913-8005-41EB6600B60A}.Release|Any CPU.Build.0 = Release|Any CPU
		{96C3074F-4F28-4913-8005-41EB6600B60A}.Release|x64.ActiveCfg = Release|Any CPU
		{96C3074F-4F28-4913-8005-41EB6600B60A}.Release|x64.Build.0 = Release|Any CPU
		{96C3074F-4F28-4913-8005-41EB6600B60A}.Release|x86.ActiveCfg = Release|Any CPU
		{96C3074F-4F28-4913-8005-41EB6600B60A}.Release|x86.Build.0 = Release|Any CPU
		{8CF0A561-00A6-409B-ABA4-F12CD90D3D67}.Debug|Any CPU.ActiveCfg = Debug|Any CPU
		{8CF0A561-00A6-409B-ABA4-F12CD90D3D67}.Debug|Any CPU.Build.0 = Debug|Any CPU
		{8CF0A561-00A6-409B-ABA4-F12CD90D3D67}.Debug|x64.ActiveCfg = Debug|Any CPU
		{8CF0A561-00A6-409B-ABA4-F12CD90D3D67}.Debug|x64.Build.0 = Debug|Any CPU
		{8CF0A561-00A6-409B-ABA4-F12CD90D3D67}.Debug|x86.ActiveCfg = Debug|Any CPU
		{8CF0A561-00A6-409B-ABA4-F12CD90D3D67}.Debug|x86.Build.0 = Debug|Any CPU
		{8CF0A561-00A6-409B-ABA4-F12CD90D3D67}.Release|Any CPU.ActiveCfg = Release|Any CPU
		{8CF0A561-00A6-409B-ABA4-F12CD90D3D67}.Release|Any CPU.Build.0 = Release|Any CPU
		{8CF0A561-00A6-409B-ABA4-F12CD90D3D67}.Release|x64.ActiveCfg = Release|Any CPU
		{8CF0A561-00A6-409B-ABA4-F12CD90D3D67}.Release|x64.Build.0 = Release|Any CPU
		{8CF0A561-00A6-409B-ABA4-F12CD90D3D67}.Release|x86.ActiveCfg = Release|Any CPU
		{8CF0A561-00A6-409B-ABA4-F12CD90D3D67}.Release|x86.Build.0 = Release|Any CPU
		{420BABD2-5288-49E2-8582-FF7E7A51023C}.Debug|Any CPU.ActiveCfg = Debug|Any CPU
		{420BABD2-5288-49E2-8582-FF7E7A51023C}.Debug|Any CPU.Build.0 = Debug|Any CPU
		{420BABD2-5288-49E2-8582-FF7E7A51023C}.Debug|x64.ActiveCfg = Debug|Any CPU
		{420BABD2-5288-49E2-8582-FF7E7A51023C}.Debug|x64.Build.0 = Debug|Any CPU
		{420BABD2-5288-49E2-8582-FF7E7A51023C}.Debug|x86.ActiveCfg = Debug|Any CPU
		{420BABD2-5288-49E2-8582-FF7E7A51023C}.Debug|x86.Build.0 = Debug|Any CPU
		{420BABD2-5288-49E2-8582-FF7E7A51023C}.Release|Any CPU.ActiveCfg = Release|Any CPU
		{420BABD2-5288-49E2-8582-FF7E7A51023C}.Release|Any CPU.Build.0 = Release|Any CPU
		{420BABD2-5288-49E2-8582-FF7E7A51023C}.Release|x64.ActiveCfg = Release|Any CPU
		{420BABD2-5288-49E2-8582-FF7E7A51023C}.Release|x64.Build.0 = Release|Any CPU
		{420BABD2-5288-49E2-8582-FF7E7A51023C}.Release|x86.ActiveCfg = Release|Any CPU
		{420BABD2-5288-49E2-8582-FF7E7A51023C}.Release|x86.Build.0 = Release|Any CPU
		{C2E4678B-D169-4404-99E3-A19EA576A556}.Debug|Any CPU.ActiveCfg = Debug|Any CPU
		{C2E4678B-D169-4404-99E3-A19EA576A556}.Debug|Any CPU.Build.0 = Debug|Any CPU
		{C2E4678B-D169-4404-99E3-A19EA576A556}.Debug|x64.ActiveCfg = Debug|Any CPU
		{C2E4678B-D169-4404-99E3-A19EA576A556}.Debug|x64.Build.0 = Debug|Any CPU
		{C2E4678B-D169-4404-99E3-A19EA576A556}.Debug|x86.ActiveCfg = Debug|Any CPU
		{C2E4678B-D169-4404-99E3-A19EA576A556}.Debug|x86.Build.0 = Debug|Any CPU
		{C2E4678B-D169-4404-99E3-A19EA576A556}.Release|Any CPU.ActiveCfg = Release|Any CPU
		{C2E4678B-D169-4404-99E3-A19EA576A556}.Release|Any CPU.Build.0 = Release|Any CPU
		{C2E4678B-D169-4404-99E3-A19EA576A556}.Release|x64.ActiveCfg = Release|Any CPU
		{C2E4678B-D169-4404-99E3-A19EA576A556}.Release|x64.Build.0 = Release|Any CPU
		{C2E4678B-D169-4404-99E3-A19EA576A556}.Release|x86.ActiveCfg = Release|Any CPU
		{C2E4678B-D169-4404-99E3-A19EA576A556}.Release|x86.Build.0 = Release|Any CPU
		{29D44FE3-5FA7-42D2-BFF1-56C8C9E71E8E}.Debug|Any CPU.ActiveCfg = Debug|Any CPU
		{29D44FE3-5FA7-42D2-BFF1-56C8C9E71E8E}.Debug|Any CPU.Build.0 = Debug|Any CPU
		{29D44FE3-5FA7-42D2-BFF1-56C8C9E71E8E}.Debug|x64.ActiveCfg = Debug|Any CPU
		{29D44FE3-5FA7-42D2-BFF1-56C8C9E71E8E}.Debug|x64.Build.0 = Debug|Any CPU
		{29D44FE3-5FA7-42D2-BFF1-56C8C9E71E8E}.Debug|x86.ActiveCfg = Debug|Any CPU
		{29D44FE3-5FA7-42D2-BFF1-56C8C9E71E8E}.Debug|x86.Build.0 = Debug|Any CPU
		{29D44FE3-5FA7-42D2-BFF1-56C8C9E71E8E}.Release|Any CPU.ActiveCfg = Release|Any CPU
		{29D44FE3-5FA7-42D2-BFF1-56C8C9E71E8E}.Release|Any CPU.Build.0 = Release|Any CPU
		{29D44FE3-5FA7-42D2-BFF1-56C8C9E71E8E}.Release|x64.ActiveCfg = Release|Any CPU
		{29D44FE3-5FA7-42D2-BFF1-56C8C9E71E8E}.Release|x64.Build.0 = Release|Any CPU
		{29D44FE3-5FA7-42D2-BFF1-56C8C9E71E8E}.Release|x86.ActiveCfg = Release|Any CPU
		{29D44FE3-5FA7-42D2-BFF1-56C8C9E71E8E}.Release|x86.Build.0 = Release|Any CPU
		{0B75B888-A76B-45E1-BB0B-F33E9D02CCF0}.Debug|Any CPU.ActiveCfg = Debug|Any CPU
		{0B75B888-A76B-45E1-BB0B-F33E9D02CCF0}.Debug|Any CPU.Build.0 = Debug|Any CPU
		{0B75B888-A76B-45E1-BB0B-F33E9D02CCF0}.Debug|x64.ActiveCfg = Debug|Any CPU
		{0B75B888-A76B-45E1-BB0B-F33E9D02CCF0}.Debug|x64.Build.0 = Debug|Any CPU
		{0B75B888-A76B-45E1-BB0B-F33E9D02CCF0}.Debug|x86.ActiveCfg = Debug|Any CPU
		{0B75B888-A76B-45E1-BB0B-F33E9D02CCF0}.Debug|x86.Build.0 = Debug|Any CPU
		{0B75B888-A76B-45E1-BB0B-F33E9D02CCF0}.Release|Any CPU.ActiveCfg = Release|Any CPU
		{0B75B888-A76B-45E1-BB0B-F33E9D02CCF0}.Release|Any CPU.Build.0 = Release|Any CPU
		{0B75B888-A76B-45E1-BB0B-F33E9D02CCF0}.Release|x64.ActiveCfg = Release|Any CPU
		{0B75B888-A76B-45E1-BB0B-F33E9D02CCF0}.Release|x64.Build.0 = Release|Any CPU
		{0B75B888-A76B-45E1-BB0B-F33E9D02CCF0}.Release|x86.ActiveCfg = Release|Any CPU
		{0B75B888-A76B-45E1-BB0B-F33E9D02CCF0}.Release|x86.Build.0 = Release|Any CPU
	EndGlobalSection
	GlobalSection(SolutionProperties) = preSolution
		HideSolutionNode = FALSE
	EndGlobalSection
	GlobalSection(NestedProjects) = preSolution
		{BFEA6694-384F-48FF-95D1-062A179C5C85} = {827E0CD3-B72D-47B6-A68D-7590B98EB39B}
		{96C3074F-4F28-4913-8005-41EB6600B60A} = {827E0CD3-B72D-47B6-A68D-7590B98EB39B}
		{8CF0A561-00A6-409B-ABA4-F12CD90D3D67} = {827E0CD3-B72D-47B6-A68D-7590B98EB39B}
		{420BABD2-5288-49E2-8582-FF7E7A51023C} = {827E0CD3-B72D-47B6-A68D-7590B98EB39B}
		{C2E4678B-D169-4404-99E3-A19EA576A556} = {827E0CD3-B72D-47B6-A68D-7590B98EB39B}
		{29D44FE3-5FA7-42D2-BFF1-56C8C9E71E8E} = {827E0CD3-B72D-47B6-A68D-7590B98EB39B}
		{0B75B888-A76B-45E1-BB0B-F33E9D02CCF0} = {0AB3BF05-4346-4AA6-1389-037BE0695223}
	EndGlobalSection
EndGlobal
